
Microsoft Visual Studio Solution File, Format Version 12.00
# Visual Studio Version 16
VisualStudioVersion = 16.0.32106.194
MinimumVisualStudioVersion = 10.0.40219.1
Project("{FAE04EC0-301F-11D3-BF4B-00C04F79EFBC}") = "Razor-BookStore", "Razor-BookStore.csproj", "{CD6DE351-E24C-4CD3-9C4D-A96D926B077B}"
EndProject
Global
	GlobalSection(SolutionConfigurationPlatforms) = preSolution
		Debug|Any CPU = Debug|Any CPU
		Release|Any CPU = Release|Any CPU
	EndGlobalSection
	GlobalSection(ProjectConfigurationPlatforms) = postSolution
		{CD6DE351-E24C-4CD3-9C4D-A96D926B077B}.Debug|Any CPU.ActiveCfg = Debug|Any CPU
		{CD6DE351-E24C-4CD3-9C4D-A96D926B077B}.Debug|Any CPU.Build.0 = Debug|Any CPU
		{CD6DE351-E24C-4CD3-9C4D-A96D926B077B}.Release|Any CPU.ActiveCfg = Release|Any CPU
		{CD6DE351-E24C-4CD3-9C4D-A96D926B077B}.Release|Any CPU.Build.0 = Release|Any CPU
	EndGlobalSection
	GlobalSection(SolutionProperties) = preSolution
		HideSolutionNode = FALSE
	EndGlobalSection
	GlobalSection(ExtensibilityGlobals) = postSolution
		SolutionGuid = {6BF335B8-88EB-4F75-84CE-D9578A941476}
	EndGlobalSection
EndGlobal
